<?xml version="1.0" encoding="utf-8"?>
<Project ToolsVersion="4.0" xmlns="http://schemas.microsoft.com/developer/msbuild/2003">
  <ItemGroup>
    <Filter Include="Source Files">
      <UniqueIdentifier>{4FC737F1-C7A5-4376-A066-2A32D752A2FF}</UniqueIdentifier>
      <Extensions>cpp;c;cc;cxx;c++;def;odl;idl;hpj;bat;asm;asmx</Extensions>
    </Filter>
    <Filter Include="Header Files">
      <UniqueIdentifier>{93995380-89BD-4b04-88EB-625FBE52EBFB}</UniqueIdentifier>
      <Extensions>h;hh;hpp;hxx;h++;hm;inl;inc;ipp;xsd</Extensions>
    </Filter>
    <Filter Include="Resource Files">
      <UniqueIdentifier>{67DA6AB6-F800-4c08-8B7A-83BB121AAD01}</UniqueIdentifier>
      <Extensions>rc;ico;cur;bmp;dlg;rc2;rct;bin;rgs;gif;jpg;jpeg;jpe;resx;tiff;tif;png;wav;mfcribbon-ms</Extensions>
    </Filter>
    <Filter Include="Entities">
      <UniqueIdentifier>{b55f3c8f-0fe8-4876-a791-321720318a09}</UniqueIdentifier>
    </Filter>
    <Filter Include="States">
      <UniqueIdentifier>{aad76955-ca70-4597-9207-cb060c9ee29e}</UniqueIdentifier>
    </Filter>
    <Filter Include="Entities\Game Entities">
      <UniqueIdentifier>{caf2c355-5546-485e-9e12-bafe50bf79c1}</UniqueIdentifier>
    </Filter>
  </ItemGroup>
  <ItemGroup>
    <ClCompile Include="main.cpp">
      <Filter>Source Files</Filter>
    </ClCompile>
    <ClCompile Include="Engine.cpp">
      <Filter>Source Files</Filter>
    </ClCompile>
    <ClCompile Include="EngineState.cpp">
      <Filter>States</Filter>
    </ClCompile>
    <ClCompile Include="MainMenuState.cpp">
      <Filter>States</Filter>
    </ClCompile>
    <ClCompile Include="Button.cpp">
      <Filter>Resource Files</Filter>
    </ClCompile>
    <ClCompile Include="Planet.cpp">
      <Filter>Entities\Game Entities</Filter>
    </ClCompile>
    <ClCompile Include="Sun.cpp">
      <Filter>Entities\Game Entities</Filter>
    </ClCompile>
    <ClCompile Include="SpaceEntity.cpp">
      <Filter>Entities\Game Entities</Filter>
    </ClCompile>
    <ClCompile Include="Source.cpp">
      <Filter>Source Files</Filter>
    </ClCompile>
    <ClCompile Include="State.cpp">
      <Filter>Source Files</Filter>
    </ClCompile>
  </ItemGroup>
  <ItemGroup>
    <ClInclude Include="Engine.h">
      <Filter>Header Files</Filter>
    </ClInclude>
    <ClInclude Include="EngineState.h">
      <Filter>States</Filter>
    </ClInclude>
    <ClInclude Include="MainMenuState.h">
      <Filter>States</Filter>
    </ClInclude>
    <ClInclude Include="Button.h">
      <Filter>Resource Files</Filter>
    </ClInclude>
    <ClInclude Include="Planet.h">
      <Filter>Entities\Game Entities</Filter>
    </ClInclude>
    <ClInclude Include="Sun.h">
      <Filter>Entities\Game Entities</Filter>
    </ClInclude>
    <ClInclude Include="SpaceEntity.h">
      <Filter>Entities\Game Entities</Filter>
    </ClInclude>
    <ClInclude Include="resource.h">
      <Filter>Header Files</Filter>
    </ClInclude>
    <ClInclude Include="Source.h">
      <Filter>Header Files</Filter>
    </ClInclude>
    <ClInclude Include="State.h">
      <Filter>Header Files</Filter>
    </ClInclude>
  </ItemGroup>
</Project>